// !$*UTF8*$!
{
	archiveVersion = 1;
	classes = {
	};
	objectVersion = 48;
	objects = {

/* Begin PBXBuildFile section */
		D1076B721F91CC4400699D9E /* AppDelegate.swift in Sources */ = {isa = PBXBuildFile; fileRef = D1076B711F91CC4400699D9E /* AppDelegate.swift */; };
		D1076B741F91CC4400699D9E /* ViewController.swift in Sources */ = {isa = PBXBuildFile; fileRef = D1076B731F91CC4400699D9E /* ViewController.swift */; };
		D1076B771F91CC4400699D9E /* Main.storyboard in Resources */ = {isa = PBXBuildFile; fileRef = D1076B751F91CC4400699D9E /* Main.storyboard */; };
		D1076B791F91CC4400699D9E /* Assets.xcassets in Resources */ = {isa = PBXBuildFile; fileRef = D1076B781F91CC4400699D9E /* Assets.xcassets */; };
		D1076B7C1F91CC4400699D9E /* LaunchScreen.storyboard in Resources */ = {isa = PBXBuildFile; fileRef = D1076B7A1F91CC4400699D9E /* LaunchScreen.storyboard */; };
		D1076B851F91CCB500699D9E /* user.swift in Sources */ = {isa = PBXBuildFile; fileRef = D1076B841F91CCB500699D9E /* user.swift */; };
		D1076B871F91D14900699D9E /* DisplayFriendViewController.swift in Sources */ = {isa = PBXBuildFile; fileRef = D1076B861F91D14900699D9E /* DisplayFriendViewController.swift */; };
/* End PBXBuildFile section */

/* Begin PBXFileReference section */
		D1076B6E1F91CC4400699D9E /* new_mood_tracker.app */ = {isa = PBXFileReference; explicitFileType = wrapper.application; includeInIndex = 0; path = new_mood_tracker.app; sourceTree = BUILT_PRODUCTS_DIR; };
		D1076B711F91CC4400699D9E /* AppDelegate.swift */ = {isa = PBXFileReference; lastKnownFileType = sourcecode.swift; path = AppDelegate.swift; sourceTree = "<group>"; };
		D1076B731F91CC4400699D9E /* ViewController.swift */ = {isa = PBXFileReference; lastKnownFileType = sourcecode.swift; path = ViewController.swift; sourceTree = "<group>"; };
		D1076B761F91CC4400699D9E /* Base */ = {isa = PBXFileReference; lastKnownFileType = file.storyboard; name = Base; path = Base.lproj/Main.storyboard; sourceTree = "<group>"; };
		D1076B781F91CC4400699D9E /* Assets.xcassets */ = {isa = PBXFileReference; lastKnownFileType = folder.assetcatalog; path = Assets.xcassets; sourceTree = "<group>"; };
		D1076B7B1F91CC4400699D9E /* Base */ = {isa = PBXFileReference; lastKnownFileType = file.storyboard; name = Base; path = Base.lproj/LaunchScreen.storyboard; sourceTree = "<group>"; };
		D1076B7D1F91CC4400699D9E /* Info.plist */ = {isa = PBXFileReference; lastKnownFileType = text.plist.xml; path = Info.plist; sourceTree = "<group>"; };
		D1076B841F91CCB500699D9E /* user.swift */ = {isa = PBXFileReference; lastKnownFileType = sourcecode.swift; path = user.swift; sourceTree = "<group>"; };
		D1076B861F91D14900699D9E /* DisplayFriendViewController.swift */ = {isa = PBXFileReference; lastKnownFileType = sourcecode.swift; path = DisplayFriendViewController.swift; sourceTree = "<group>"; };
/* End PBXFileReference section */

/* Begin PBXFrameworksBuildPhase section */
		D1076B6B1F91CC4400699D9E /* Frameworks */ = {
			isa = PBXFrameworksBuildPhase;
			buildActionMask = 2147483647;
			files = (
			);
			runOnlyForDeploymentPostprocessing = 0;
		};
/* End PBXFrameworksBuildPhase section */

/* Begin PBXGroup section */
		D1076B651F91CC4400699D9E = {
			isa = PBXGroup;
			children = (
				D1076B881F91D1BF00699D9E /* DisplayFriends */,
				D1076B831F91CC8E00699D9E /* Model */,
				D1076B701F91CC4400699D9E /* new_mood_tracker */,
				D1076B6F1F91CC4400699D9E /* Products */,
			);
			sourceTree = "<group>";
		};
		D1076B6F1F91CC4400699D9E /* Products */ = {
			isa = PBXGroup;
			children = (
				D1076B6E1F91CC4400699D9E /* new_mood_tracker.app */,
			);
			name = Products;
			sourceTree = "<group>";
		};
		D1076B701F91CC4400699D9E /* new_mood_tracker */ = {
			isa = PBXGroup;
			children = (
				D1076B711F91CC4400699D9E /* AppDelegate.swift */,
				D1076B731F91CC4400699D9E /* ViewController.swift */,
				D1076B751F91CC4400699D9E /* Main.storyboard */,
				D1076B781F91CC4400699D9E /* Assets.xcassets */,
				D1076B7A1F91CC4400699D9E /* LaunchScreen.storyboard */,
				D1076B7D1F91CC4400699D9E /* Info.plist */,
			);
			path = new_mood_tracker;
			sourceTree = "<group>";
		};
		D1076B831F91CC8E00699D9E /* Model */ = {
			isa = PBXGroup;
			children = (
				D1076B841F91CCB500699D9E /* user.swift */,
			);
			path = Model;
			sourceTree = "<group>";
		};
		D1076B881F91D1BF00699D9E /* DisplayFriends */ = {
			isa = PBXGroup;
			children = (
				D1076B861F91D14900699D9E /* DisplayFriendViewController.swift */,
			);
			path = DisplayFriends;
			sourceTree = "<group>";
		};
/* End PBXGroup section */

/* Begin PBXNativeTarget section */
		D1076B6D1F91CC4400699D9E /* new_mood_tracker */ = {
			isa = PBXNativeTarget;
			buildConfigurationList = D1076B801F91CC4400699D9E /* Build configuration list for PBXNativeTarget "new_mood_tracker" */;
			buildPhases = (
				D1076B6A1F91CC4400699D9E /* Sources */,
				D1076B6B1F91CC4400699D9E /* Frameworks */,
				D1076B6C1F91CC4400699D9E /* Resources */,
			);
			buildRules = (
			);
			dependencies = (
			);
			name = new_mood_tracker;
			productName = new_mood_tracker;
			productReference = D1076B6E1F91CC4400699D9E /* new_mood_tracker.app */;
			productType = "com.apple.product-type.application";
		};
/* End PBXNativeTarget section */

/* Begin PBXProject section */
		D1076B661F91CC4400699D9E /* Project object */ = {
			isa = PBXProject;
			attributes = {
				LastSwiftUpdateCheck = 0900;
				LastUpgradeCheck = 0900;
				ORGANIZATIONNAME = "Make School";
				TargetAttributes = {
					D1076B6D1F91CC4400699D9E = {
						CreatedOnToolsVersion = 9.0;
						ProvisioningStyle = Automatic;
					};
				};
			};
			buildConfigurationList = D1076B691F91CC4400699D9E /* Build configuration list for PBXProject "new_mood_tracker" */;
			compatibilityVersion = "Xcode 8.0";
			developmentRegion = en;
			hasScannedForEncodings = 0;
			knownRegions = (
				en,
				Base,
			);
			mainGroup = D1076B651F91CC4400699D9E;
			productRefGroup = D1076B6F1F91CC4400699D9E /* Products */;
			projectDirPath = "";
			projectRoot = "";
			targets = (
				D1076B6D1F91CC4400699D9E /* new_mood_tracker */,
			);
		};
/* End PBXProject section */

/* Begin PBXResourcesBuildPhase section */
		D1076B6C1F91CC4400699D9E /* Resources */ = {
			isa = PBXResourcesBuildPhase;
			buildActionMask = 2147483647;
			files = (
				D1076B7C1F91CC4400699D9E /* LaunchScreen.storyboard in Resources */,
				D1076B791F91CC4400699D9E /* Assets.xcassets in Resources */,
				D1076B771F91CC4400699D9E /* Main.storyboard in Resources */,
			);
			runOnlyForDeploymentPostprocessing = 0;
		};
/* End PBXResourcesBuildPhase section */

/* Begin PBXSourcesBuildPhase section */
		D1076B6A1F91CC4400699D9E /* Sources */ = {
			isa = PBXSourcesBuildPhase;
			buildActionMask = 2147483647;
			files = (
				D1076B741F91CC4400699D9E /* ViewController.swift in Sources */,
				D1076B851F91CCB500699D9E /* user.swift in Sources */,
				D1076B721F91CC4400699D9E /* AppDelegate.swift in Sources */,
				D1076B871F91D14900699D9E /* DisplayFriendViewController.swift in Sources */,
			);
			runOnlyForDeploymentPostprocessing = 0;
		};
/* End PBXSourcesBuildPhase section */

/* Begin PBXVariantGroup section */
		D1076B751F91CC4400699D9E /* Main.storyboard */ = {
			isa = PBXVariantGroup;
			children = (
				D1076B761F91CC4400699D9E /* Base */,
			);
			name = Main.storyboard;
			sourceTree = "<group>";
		};
		D1076B7A1F91CC4400699D9E /* LaunchScreen.storyboard */ = {
			isa = PBXVariantGroup;
			children = (
				D1076B7B1F91CC4400699D9E /* Base */,
			);
			name = LaunchScreen.storyboard;
			sourceTree = "<group>";
		};
/* End PBXVariantGroup section */

/* Begin XCBuildConfiguration section */
		D1076B7E1F91CC4400699D9E /* Debug */ = {
			isa = XCBuildConfiguration;
			buildSettings = {
				ALWAYS_SEARCH_USER_PATHS = NO;
				CLANG_ANALYZER_NONNULL = YES;
				CLANG_ANALYZER_NUMBER_OBJECT_CONVERSION = YES_AGGRESSIVE;
				CLANG_CXX_LANGUAGE_STANDARD = "gnu++14";
				CLANG_CXX_LIBRARY = "libc++";
				CLANG_ENABLE_MODULES = YES;
				CLANG_ENABLE_OBJC_ARC = YES;
				CLANG_WARN_BLOCK_CAPTURE_AUTORELEASING = YES;
				CLANG_WARN_BOOL_CONVERSION = YES;
				CLANG_WARN_COMMA = YES;
				CLANG_WARN_CONSTANT_CONVERSION = YES;
				CLANG_WARN_DIRECT_OBJC_ISA_USAGE = YES_ERROR;
				CLANG_WARN_DOCUMENTATION_COMMENTS = YES;
				CLANG_WARN_EMPTY_BODY = YES;
				CLANG_WARN_ENUM_CONVERSION = YES;
				CLANG_WARN_INFINITE_RECURSION = YES;
				CLANG_WARN_INT_CONVERSION = YES;
				CLANG_WARN_NON_LITERAL_NULL_CONVERSION = YES;
				CLANG_WARN_OBJC_LITERAL_CONVERSION = YES;
				CLANG_WARN_OBJC_ROOT_CLASS = YES_ERROR;
				CLANG_WARN_RANGE_LOOP_ANALYSIS = YES;
				CLANG_WARN_STRICT_PROTOTYPES = YES;
				CLANG_WARN_SUSPICIOUS_MOVE = YES;
				CLANG_WARN_UNGUARDED_AVAILABILITY = YES_AGGRESSIVE;
				CLANG_WARN_UNREACHABLE_CODE = YES;
				CLANG_WARN__DUPLICATE_METHOD_MATCH = YES;
				CODE_SIGN_IDENTITY = "iPhone Developer";
				COPY_PHASE_STRIP = NO;
				DEBUG_INFORMATION_FORMAT = dwarf;
				ENABLE_STRICT_OBJC_MSGSEND = YES;
				ENABLE_TESTABILITY = YES;
				GCC_C_LANGUAGE_STANDARD = gnu11;
				GCC_DYNAMIC_NO_PIC = NO;
				GCC_NO_COMMON_BLOCKS = YES;
				GCC_OPTIMIZATION_LEVEL = 0;
				GCC_PREPROCESSOR_DEFINITIONS = (
					"DEBUG=1",
					"$(inherited)",
				);
				GCC_WARN_64_TO_32_BIT_CONVERSION = YES;
				GCC_WARN_ABOUT_RETURN_TYPE = YES_ERROR;
				GCC_WARN_UNDECLARED_SELECTOR = YES;
				GCC_WARN_UNINITIALIZED_AUTOS = YES_AGGRESSIVE;
				GCC_WARN_UNUSED_FUNCTION = YES;
				GCC_WARN_UNUSED_VARIABLE = YES;
				IPHONEOS_DEPLOYMENT_TARGET = 11.0;
				MTL_ENABLE_DEBUG_INFO = YES;
				ONLY_ACTIVE_ARCH = YES;
				SDKROOT = iphoneos;
				SWIFT_ACTIVE_COMPILATION_CONDITIONS = DEBUG;
				SWIFT_OPTIMIZATION_LEVEL = "-Onone";
			};
			name = Debug;
		};
		D1076B7F1F91CC4400699D9E /* Release */ = {
			isa = XCBuildConfiguration;
			buildSettings = {
				ALWAYS_SEARCH_USER_PATHS = NO;
				CLANG_ANALYZER_NONNULL = YES;
				CLANG_ANALYZER_NUMBER_OBJECT_CONVERSION = YES_AGGRESSIVE;
				CLANG_CXX_LANGUAGE_STANDARD = "gnu++14";
				CLANG_CXX_LIBRARY = "libc++";
				CLANG_ENABLE_MODULES = YES;
				CLANG_ENABLE_OBJC_ARC = YES;
				CLANG_WARN_BLOCK_CAPTURE_AUTORELEASING = YES;
				CLANG_WARN_BOOL_CONVERSION = YES;
				CLANG_WARN_COMMA = YES;
				CLANG_WARN_CONSTANT_CONVERSION = YES;
				CLANG_WARN_DIRECT_OBJC_ISA_USAGE = YES_ERROR;
				CLANG_WARN_DOCUMENTATION_COMMENTS = YES;
				CLANG_WARN_EMPTY_BODY = YES;
				CLANG_WARN_ENUM_CONVERSION = YES;
				CLANG_WARN_INFINITE_RECURSION = YES;
				CLANG_WARN_INT_CONVERSION = YES;
				CLANG_WARN_NON_LITERAL_NULL_CONVERSION = YES;
				CLANG_WARN_OBJC_LITERAL_CONVERSION = YES;
				CLANG_WARN_OBJC_ROOT_CLASS = YES_ERROR;
				CLANG_WARN_RANGE_LOOP_ANALYSIS = YES;
				CLANG_WARN_STRICT_PROTOTYPES = YES;
				CLANG_WARN_SUSPICIOUS_MOVE = YES;
				CLANG_WARN_UNGUARDED_AVAILABILITY = YES_AGGRESSIVE;
				CLANG_WARN_UNREACHABLE_CODE = YES;
				CLANG_WARN__DUPLICATE_METHOD_MATCH = YES;
				CODE_SIGN_IDENTITY = "iPhone Developer";
				COPY_PHASE_STRIP = NO;
				DEBUG_INFORMATION_FORMAT = "dwarf-with-dsym";
				ENABLE_NS_ASSERTIONS = NO;
				ENABLE_STRICT_OBJC_MSGSEND = YES;
				GCC_C_LANGUAGE_STANDARD = gnu11;
				GCC_NO_COMMON_BLOCKS = YES;
				GCC_WARN_64_TO_32_BIT_CONVERSION = YES;
				GCC_WARN_ABOUT_RETURN_TYPE = YES_ERROR;
				GCC_WARN_UNDECLARED_SELECTOR = YES;
				GCC_WARN_UNINITIALIZED_AUTOS = YES_AGGRESSIVE;
				GCC_WARN_UNUSED_FUNCTION = YES;
				GCC_WARN_UNUSED_VARIABLE = YES;
				IPHONEOS_DEPLOYMENT_TARGET = 11.0;
				MTL_ENABLE_DEBUG_INFO = NO;
				SDKROOT = iphoneos;
				SWIFT_OPTIMIZATION_LEVEL = "-Owholemodule";
				VALIDATE_PRODUCT = YES;
			};
			name = Release;
		};
		D1076B811F91CC4400699D9E /* Debug */ = {
			isa = XCBuildConfiguration;
			buildSettings = {
				ASSETCATALOG_COMPILER_APPICON_NAME = AppIcon;
				CODE_SIGN_STYLE = Automatic;
				DEVELOPMENT_TEAM = 9QJPSH6M7U;
				INFOPLIST_FILE = new_mood_tracker/Info.plist;
				LD_RUNPATH_SEARCH_PATHS = "$(inherited) @executable_path/Frameworks";
				PRODUCT_BUNDLE_IDENTIFIER = "com.makeschool.new-mood-tracker";
				PRODUCT_NAME = "$(TARGET_NAME)";
				SWIFT_VERSION = 4.0;
				TARGETED_DEVICE_FAMILY = 1;
			};
			name = Debug;
		};
		D1076B821F91CC4400699D9E /* Release */ = {
			isa = XCBuildConfiguration;
			buildSettings = {
				ASSETCATALOG_COMPILER_APPICON_NAME = AppIcon;
				CODE_SIGN_STYLE = Automatic;
				DEVELOPMENT_TEAM = 9QJPSH6M7U;
				INFOPLIST_FILE = new_mood_tracker/Info.plist;
				LD_RUNPATH_SEARCH_PATHS = "$(inherited) @executable_path/Frameworks";
				PRODUCT_BUNDLE_IDENTIFIER = "com.makeschool.new-mood-tracker";
				PRODUCT_NAME = "$(TARGET_NAME)";
				SWIFT_VERSION = 4.0;
				TARGETED_DEVICE_FAMILY = 1;
			};
			name = Release;
		};
/* End XCBuildConfiguration section */

/* Begin XCConfigurationList section */
		D1076B691F91CC4400699D9E /* Build configuration list for PBXProject "new_mood_tracker" */ = {
			isa = XCConfigurationList;
			buildConfigurations = (
				D1076B7E1F91CC4400699D9E /* Debug */,
				D1076B7F1F91CC4400699D9E /* Release */,
			);
			defaultConfigurationIsVisible = 0;
			defaultConfigurationName = Release;
		};
		D1076B801F91CC4400699D9E /* Build configuration list for PBXNativeTarget "new_mood_tracker" */ = {
			isa = XCConfigurationList;
			buildConfigurations = (
				D1076B811F91CC4400699D9E /* Debug */,
				D1076B821F91CC4400699D9E /* Release */,
			);
			defaultConfigurationIsVisible = 0;
			defaultConfigurationName = Release;
		};
/* End XCConfigurationList section */
	};
	rootObject = D1076B661F91CC4400699D9E /* Project object */;
}
